
Microsoft Visual Studio Solution File, Format Version 12.00
# Visual Studio Version 17
VisualStudioVersion = 17.6.33723.286
MinimumVisualStudioVersion = 10.0.40219.1
Project("{2150E333-8FDC-42A3-9474-1A3956D46DE8}") = "OrderService", "OrderService", "{D5474411-8B94-48A3-ABF1-CFF2E27C7667}"
EndProject
Project("{9A19103F-16F7-4668-BE54-9A1E7A4F7556}") = "OrderService.API", "OrderService\OrderService.API\OrderService.API.csproj", "{6B967195-4F58-425F-9EA0-6885847953FE}"
EndProject
Project("{9A19103F-16F7-4668-BE54-9A1E7A4F7556}") = "OrderService.Domain", "OrderService\OrderService.Domain\OrderService.Domain.csproj", "{B026FA69-F113-4A87-9FBD-556FD3396D22}"
EndProject
Project("{2150E333-8FDC-42A3-9474-1A3956D46DE8}") = "DeliveryService", "DeliveryService", "{872D123A-2FBF-466A-BF84-8869797C73FE}"
EndProject
Project("{9A19103F-16F7-4668-BE54-9A1E7A4F7556}") = "DeliveryService.API", "DeliveryService\DeliveryService.API\DeliveryService.API.csproj", "{2CC88B9B-74FE-49F7-94F4-3884393C6182}"
EndProject
Project("{9A19103F-16F7-4668-BE54-9A1E7A4F7556}") = "DeliveryService.Domain", "DeliveryService\DeliveryService.Domain\DeliveryService.Domain.csproj", "{DDE5DBBD-0A5D-4923-B68C-54C1B73FB5FA}"
EndProject
Project("{E53339B2-1760-4266-BCC7-CA923CBCF16C}") = "docker-compose", "docker-compose.dcproj", "{5E2E8BBA-0FBA-43F0-AEF4-222842AA4D81}"
EndProject
Project("{2150E333-8FDC-42A3-9474-1A3956D46DE8}") = "Common", "Common", "{3CCFAE90-EADC-49F5-A7DD-CCB18575AF63}"
EndProject
Project("{FAE04EC0-301F-11D3-BF4B-00C04F79EFBC}") = "Common.API", "Common\Common.API\Common.API.csproj", "{4C918996-415C-46AE-9B84-88BFE734E38A}"
EndProject
Project("{FAE04EC0-301F-11D3-BF4B-00C04F79EFBC}") = "Common.Domain", "Common\Common.Domain\Common.Domain.csproj", "{68BF358B-F44C-467C-A331-41E5698C9776}"
EndProject
Global
	GlobalSection(SolutionConfigurationPlatforms) = preSolution
		Debug|Any CPU = Debug|Any CPU
		Release|Any CPU = Release|Any CPU
	EndGlobalSection
	GlobalSection(ProjectConfigurationPlatforms) = postSolution
		{6B967195-4F58-425F-9EA0-6885847953FE}.Debug|Any CPU.ActiveCfg = Debug|Any CPU
		{6B967195-4F58-425F-9EA0-6885847953FE}.Debug|Any CPU.Build.0 = Debug|Any CPU
		{6B967195-4F58-425F-9EA0-6885847953FE}.Release|Any CPU.ActiveCfg = Release|Any CPU
		{6B967195-4F58-425F-9EA0-6885847953FE}.Release|Any CPU.Build.0 = Release|Any CPU
		{B026FA69-F113-4A87-9FBD-556FD3396D22}.Debug|Any CPU.ActiveCfg = Debug|Any CPU
		{B026FA69-F113-4A87-9FBD-556FD3396D22}.Debug|Any CPU.Build.0 = Debug|Any CPU
		{B026FA69-F113-4A87-9FBD-556FD3396D22}.Release|Any CPU.ActiveCfg = Release|Any CPU
		{B026FA69-F113-4A87-9FBD-556FD3396D22}.Release|Any CPU.Build.0 = Release|Any CPU
		{2CC88B9B-74FE-49F7-94F4-3884393C6182}.Debug|Any CPU.ActiveCfg = Debug|Any CPU
		{2CC88B9B-74FE-49F7-94F4-3884393C6182}.Debug|Any CPU.Build.0 = Debug|Any CPU
		{2CC88B9B-74FE-49F7-94F4-3884393C6182}.Release|Any CPU.ActiveCfg = Release|Any CPU
		{2CC88B9B-74FE-49F7-94F4-3884393C6182}.Release|Any CPU.Build.0 = Release|Any CPU
		{DDE5DBBD-0A5D-4923-B68C-54C1B73FB5FA}.Debug|Any CPU.ActiveCfg = Debug|Any CPU
		{DDE5DBBD-0A5D-4923-B68C-54C1B73FB5FA}.Debug|Any CPU.Build.0 = Debug|Any CPU
		{DDE5DBBD-0A5D-4923-B68C-54C1B73FB5FA}.Release|Any CPU.ActiveCfg = Release|Any CPU
		{DDE5DBBD-0A5D-4923-B68C-54C1B73FB5FA}.Release|Any CPU.Build.0 = Release|Any CPU
		{5E2E8BBA-0FBA-43F0-AEF4-222842AA4D81}.Debug|Any CPU.ActiveCfg = Debug|Any CPU
		{5E2E8BBA-0FBA-43F0-AEF4-222842AA4D81}.Debug|Any CPU.Build.0 = Debug|Any CPU
		{5E2E8BBA-0FBA-43F0-AEF4-222842AA4D81}.Release|Any CPU.ActiveCfg = Release|Any CPU
		{5E2E8BBA-0FBA-43F0-AEF4-222842AA4D81}.Release|Any CPU.Build.0 = Release|Any CPU
		{4C918996-415C-46AE-9B84-88BFE734E38A}.Debug|Any CPU.ActiveCfg = Debug|Any CPU
		{4C918996-415C-46AE-9B84-88BFE734E38A}.Debug|Any CPU.Build.0 = Debug|Any CPU
		{4C918996-415C-46AE-9B84-88BFE734E38A}.Release|Any CPU.ActiveCfg = Release|Any CPU
		{4C918996-415C-46AE-9B84-88BFE734E38A}.Release|Any CPU.Build.0 = Release|Any CPU
		{68BF358B-F44C-467C-A331-41E5698C9776}.Debug|Any CPU.ActiveCfg = Debug|Any CPU
		{68BF358B-F44C-467C-A331-41E5698C9776}.Debug|Any CPU.Build.0 = Debug|Any CPU
		{68BF358B-F44C-467C-A331-41E5698C9776}.Release|Any CPU.ActiveCfg = Release|Any CPU
		{68BF358B-F44C-467C-A331-41E5698C9776}.Release|Any CPU.Build.0 = Release|Any CPU
	EndGlobalSection
	GlobalSection(SolutionProperties) = preSolution
		HideSolutionNode = FALSE
	EndGlobalSection
	GlobalSection(NestedProjects) = preSolution
		{6B967195-4F58-425F-9EA0-6885847953FE} = {D5474411-8B94-48A3-ABF1-CFF2E27C7667}
		{B026FA69-F113-4A87-9FBD-556FD3396D22} = {D5474411-8B94-48A3-ABF1-CFF2E27C7667}
		{2CC88B9B-74FE-49F7-94F4-3884393C6182} = {872D123A-2FBF-466A-BF84-8869797C73FE}
		{DDE5DBBD-0A5D-4923-B68C-54C1B73FB5FA} = {872D123A-2FBF-466A-BF84-8869797C73FE}
		{4C918996-415C-46AE-9B84-88BFE734E38A} = {3CCFAE90-EADC-49F5-A7DD-CCB18575AF63}
		{68BF358B-F44C-467C-A331-41E5698C9776} = {3CCFAE90-EADC-49F5-A7DD-CCB18575AF63}
	EndGlobalSection
EndGlobal
